
Microsoft Visual Studio Solution File, Format Version 12.00
# Visual Studio Version 16
VisualStudioVersion = 16.0.29424.173
MinimumVisualStudioVersion = 10.0.40219.1
Project("{FAE04EC0-301F-11D3-BF4B-00C04F79EFBC}") = "Contact2", "Contact2\Contact2.csproj", "{53381310-EED2-430D-8EEF-A45D2C328F2C}"
EndProject
Global
	GlobalSection(SolutionConfigurationPlatforms) = preSolution
		Debug|Any CPU = Debug|Any CPU
		Release|Any CPU = Release|Any CPU
	EndGlobalSection
	GlobalSection(ProjectConfigurationPlatforms) = postSolution
		{53381310-EED2-430D-8EEF-A45D2C328F2C}.Debug|Any CPU.ActiveCfg = Debug|Any CPU
		{53381310-EED2-430D-8EEF-A45D2C328F2C}.Debug|Any CPU.Build.0 = Debug|Any CPU
		{53381310-EED2-430D-8EEF-A45D2C328F2C}.Release|Any CPU.ActiveCfg = Release|Any CPU
		{53381310-EED2-430D-8EEF-A45D2C328F2C}.Release|Any CPU.Build.0 = Release|Any CPU
	EndGlobalSection
	GlobalSection(SolutionProperties) = preSolution
		HideSolutionNode = FALSE
	EndGlobalSection
	GlobalSection(ExtensibilityGlobals) = postSolution
		SolutionGuid = {F05E5CEC-6FCB-4556-8FF3-076B5E817C3D}
	EndGlobalSection
EndGlobal
